PODS:
  - FlutterMacOS (1.0.0)
  - hello (0.0.1):
    - FlutterMacOS

DEPENDENCIES:
  - FlutterMacOS (from `Flutter/ephemeral/.symlinks/flutter/darwin-x64`)
  - hello (from `Flutter/ephemeral/.symlinks/plugins/hello/macos`)

EXTERNAL SOURCES:
  FlutterMacOS:
    :path: Flutter/ephemeral/.symlinks/flutter/darwin-x64
  hello:
    :path: Flutter/ephemeral/.symlinks/plugins/hello/macos

SPEC CHECKSUMS:
  FlutterMacOS: 15bea8a44d2fa024068daa0140371c020b4b6ff9
  hello: 6e4e4640d87c8259b91c4a02c60ea04d62c7b390

PODFILE CHECKSUM: d8ba9b3e9e93c62c74a660b46c6fcb09f03991a7

COCOAPODS: 1.8.4
