
Microsoft Visual Studio Solution File, Format Version 12.00
Project("{FAE04EC0-301F-11D3-BF4B-00C04F79EFBC}") = "Molecule", "Molecule\Molecule.csproj", "{63A2BFD9-A201-4D66-85DF-2C99D338FDA6}"
EndProject
Project("{FAE04EC0-301F-11D3-BF4B-00C04F79EFBC}") = "Molecule.Tests", "Molecule.Tests\Molecule.Tests.csproj", "{F21FF37A-61A5-48B7-BBD4-A909E668EDB7}"
EndProject
Global
	GlobalSection(SolutionConfigurationPlatforms) = preSolution
		Debug|Any CPU = Debug|Any CPU
		Release|Any CPU = Release|Any CPU
	EndGlobalSection
	GlobalSection(ProjectConfigurationPlatforms) = postSolution
		{63A2BFD9-A201-4D66-85DF-2C99D338FDA6}.Debug|Any CPU.ActiveCfg = Debug|Any CPU
		{63A2BFD9-A201-4D66-85DF-2C99D338FDA6}.Debug|Any CPU.Build.0 = Debug|Any CPU
		{63A2BFD9-A201-4D66-85DF-2C99D338FDA6}.Release|Any CPU.ActiveCfg = Release|Any CPU
		{63A2BFD9-A201-4D66-85DF-2C99D338FDA6}.Release|Any CPU.Build.0 = Release|Any CPU
		{F21FF37A-61A5-48B7-BBD4-A909E668EDB7}.Debug|Any CPU.ActiveCfg = Debug|Any CPU
		{F21FF37A-61A5-48B7-BBD4-A909E668EDB7}.Debug|Any CPU.Build.0 = Debug|Any CPU
		{F21FF37A-61A5-48B7-BBD4-A909E668EDB7}.Release|Any CPU.ActiveCfg = Release|Any CPU
		{F21FF37A-61A5-48B7-BBD4-A909E668EDB7}.Release|Any CPU.Build.0 = Release|Any CPU
	EndGlobalSection
EndGlobal
