github.com/apple/foundationdb v0.0.0-20191122191149-66ac949e6ae0 h1:LlUwRMwjs7mbo4hyKBc5V/nIDS02kVG0tp9j3TtSuf0=
github.com/apple/foundationdb v0.0.0-20200227030837-68f03b119121 h1:8U9BCGNS6/UQ0l//plWw5pBWluVhrhyMItgQZX88cdY=
github.com/apple/foundationdb v0.0.0-20200305011120-d77afcb034ea h1:JxG+b5yN6+R8/5K7CPnKJNKANCXKYjYOaqh5BGyzoJo=
github.com/apple/foundationdb/bindings/go v0.0.0-20191122191149-66ac949e6ae0 h1:OGmloqACSGwJo1OsJldI/NnqA2Ea5+m2yKwg5egfCv4=
github.com/apple/foundationdb/bindings/go v0.0.0-20191122191149-66ac949e6ae0/go.mod h1:OMVSB21p9+xQUIqlGizHPZfjK+SHws1ht+ZytVDoz9U=
github.com/apple/foundationdb/bindings/go v0.0.0-20200227030837-68f03b119121 h1:bEfDEWADJ72+mK0eUgDjNkXvZtrsNrUN9h7kpNDxuro=
github.com/apple/foundationdb/bindings/go v0.0.0-20200227030837-68f03b119121/go.mod h1:OMVSB21p9+xQUIqlGizHPZfjK+SHws1ht+ZytVDoz9U=
github.com/apple/foundationdb/bindings/go v0.0.0-20200305011120-d77afcb034ea h1:Y4F9pLanecLM9FvDnoaNcGd+gO0PAfosao8Vj9JB/zw=
github.com/apple/foundationdb/bindings/go v0.0.0-20200305011120-d77afcb034ea/go.mod h1:OMVSB21p9+xQUIqlGizHPZfjK+SHws1ht+ZytVDoz9U=
github.com/garyburd/redigo v1.6.0 h1:0VruCpn7yAIIu7pWVClQC8wxCJEcG3nyzpMSHKi1PQc=
github.com/garyburd/redigo v1.6.0/go.mod h1:NR3MbYisc3/PwhQ00EMzDiPmrwpPxAn5GI05/YaO1SY=
